
Microsoft Visual Studio Solution File, Format Version 12.00
# Visual Studio Version 16
VisualStudioVersion = 16.0.30717.126
MinimumVisualStudioVersion = 10.0.40219.1
Project("{FAE04EC0-301F-11D3-BF4B-00C04F79EFBC}") = "NetworkScannerHome", "NetworkScannerHome\NetworkScannerHome.csproj", "{9FC5DA2D-B6F8-41EF-8DE9-2FDE7FF8CC03}"
EndProject
Global
	GlobalSection(SolutionConfigurationPlatforms) = preSolution
		Debug|Any CPU = Debug|Any CPU
		Release|Any CPU = Release|Any CPU
	EndGlobalSection
	GlobalSection(ProjectConfigurationPlatforms) = postSolution
		{9FC5DA2D-B6F8-41EF-8DE9-2FDE7FF8CC03}.Debug|Any CPU.ActiveCfg = Debug|Any CPU
		{9FC5DA2D-B6F8-41EF-8DE9-2FDE7FF8CC03}.Debug|Any CPU.Build.0 = Debug|Any CPU
		{9FC5DA2D-B6F8-41EF-8DE9-2FDE7FF8CC03}.Release|Any CPU.ActiveCfg = Release|Any CPU
		{9FC5DA2D-B6F8-41EF-8DE9-2FDE7FF8CC03}.Release|Any CPU.Build.0 = Release|Any CPU
	EndGlobalSection
	GlobalSection(SolutionProperties) = preSolution
		HideSolutionNode = FALSE
	EndGlobalSection
	GlobalSection(ExtensibilityGlobals) = postSolution
		SolutionGuid = {E9C3B435-AE75-40B1-A0F9-5B0F44F237C1}
	EndGlobalSection
EndGlobal
